
Microsoft Visual Studio Solution File, Format Version 12.00
# Visual Studio 15
VisualStudioVersion = 15.0.28010.2026
MinimumVisualStudioVersion = 10.0.40219.1
Project("{FAE04EC0-301F-11D3-BF4B-00C04F79EFBC}") = "Lab1", "Lab1\Lab1.csproj", "{B4DE2BE1-310A-4E31-B401-12BE88E1ACE7}"
EndProject
Global
	GlobalSection(SolutionConfigurationPlatforms) = preSolution
		Debug|Any CPU = Debug|Any CPU
		Release|Any CPU = Release|Any CPU
	EndGlobalSection
	GlobalSection(ProjectConfigurationPlatforms) = postSolution
		{B4DE2BE1-310A-4E31-B401-12BE88E1ACE7}.Debug|Any CPU.ActiveCfg = Debug|Any CPU
		{B4DE2BE1-310A-4E31-B401-12BE88E1ACE7}.Debug|Any CPU.Build.0 = Debug|Any CPU
		{B4DE2BE1-310A-4E31-B401-12BE88E1ACE7}.Release|Any CPU.ActiveCfg = Release|Any CPU
		{B4DE2BE1-310A-4E31-B401-12BE88E1ACE7}.Release|Any CPU.Build.0 = Release|Any CPU
	EndGlobalSection
	GlobalSection(SolutionProperties) = preSolution
		HideSolutionNode = FALSE
	EndGlobalSection
	GlobalSection(ExtensibilityGlobals) = postSolution
		SolutionGuid = {B2E94063-DD1C-4CB8-A082-9F87E7EE15B6}
	EndGlobalSection
EndGlobal
